
Microsoft Visual Studio Solution File, Format Version 12.00
# Visual Studio Version 17
VisualStudioVersion = 17.5.33530.505
MinimumVisualStudioVersion = 10.0.40219.1
Project("{FAE04EC0-301F-11D3-BF4B-00C04F79EFBC}") = "full_stoke", "full_stoke.csproj", "{53AA7077-DE19-4597-93E6-1AB0543ABACD}"
EndProject
Global
	GlobalSection(SolutionConfigurationPlatforms) = preSolution
		Debug|Any CPU = Debug|Any CPU
		Release|Any CPU = Release|Any CPU
	EndGlobalSection
	GlobalSection(ProjectConfigurationPlatforms) = postSolution
		{53AA7077-DE19-4597-93E6-1AB0543ABACD}.Debug|Any CPU.ActiveCfg = Debug|Any CPU
		{53AA7077-DE19-4597-93E6-1AB0543ABACD}.Debug|Any CPU.Build.0 = Debug|Any CPU
		{53AA7077-DE19-4597-93E6-1AB0543ABACD}.Release|Any CPU.ActiveCfg = Release|Any CPU
		{53AA7077-DE19-4597-93E6-1AB0543ABACD}.Release|Any CPU.Build.0 = Release|Any CPU
	EndGlobalSection
	GlobalSection(SolutionProperties) = preSolution
		HideSolutionNode = FALSE
	EndGlobalSection
	GlobalSection(ExtensibilityGlobals) = postSolution
		SolutionGuid = {55E4A78A-276D-4AF1-BE64-812F941F2824}
	EndGlobalSection
EndGlobal
